// !$*UTF8*$!
{
	archiveVersion = 1;
	classes = {
	};
	objectVersion = 50;
	objects = {

/* Begin PBXBuildFile section */
		38E1320F26FC46060089F6FF /* DamHwa_IosApp.swift in Sources */ = {isa = PBXBuildFile; fileRef = 38E1320E26FC46060089F6FF /* DamHwa_IosApp.swift */; };
		38E1321126FC46060089F6FF /* ContentView.swift in Sources */ = {isa = PBXBuildFile; fileRef = 38E1321026FC46060089F6FF /* ContentView.swift */; };
		38E1321326FC46090089F6FF /* Assets.xcassets in Resources */ = {isa = PBXBuildFile; fileRef = 38E1321226FC46090089F6FF /* Assets.xcassets */; };
		38E1321626FC46090089F6FF /* Preview Assets.xcassets in Resources */ = {isa = PBXBuildFile; fileRef = 38E1321526FC46090089F6FF /* Preview Assets.xcassets */; };
		38E1321E26FC5CBD0089F6FF /* TextRecommend.swift in Sources */ = {isa = PBXBuildFile; fileRef = 38E1321D26FC5CBD0089F6FF /* TextRecommend.swift */; };
		38E1322026FC60BF0089F6FF /* FeelingView.swift in Sources */ = {isa = PBXBuildFile; fileRef = 38E1321F26FC60BF0089F6FF /* FeelingView.swift */; };
		38E1322226FC60EC0089F6FF /* FeelingRecommend.swift in Sources */ = {isa = PBXBuildFile; fileRef = 38E1322126FC60EC0089F6FF /* FeelingRecommend.swift */; };
		38E1322426FC61200089F6FF /* FlowerCalendar.swift in Sources */ = {isa = PBXBuildFile; fileRef = 38E1322326FC61200089F6FF /* FlowerCalendar.swift */; };
		38E1322626FC659C0089F6FF /* StoryTextView.swift in Sources */ = {isa = PBXBuildFile; fileRef = 38E1322526FC659C0089F6FF /* StoryTextView.swift */; };
/* End PBXBuildFile section */

/* Begin PBXFileReference section */
		38E1320B26FC46060089F6FF /* DamHwa_Ios.app */ = {isa = PBXFileReference; explicitFileType = wrapper.application; includeInIndex = 0; path = DamHwa_Ios.app; sourceTree = BUILT_PRODUCTS_DIR; };
		38E1320E26FC46060089F6FF /* DamHwa_IosApp.swift */ = {isa = PBXFileReference; lastKnownFileType = sourcecode.swift; path = DamHwa_IosApp.swift; sourceTree = "<group>"; };
		38E1321026FC46060089F6FF /* ContentView.swift */ = {isa = PBXFileReference; lastKnownFileType = sourcecode.swift; path = ContentView.swift; sourceTree = "<group>"; };
		38E1321226FC46090089F6FF /* Assets.xcassets */ = {isa = PBXFileReference; lastKnownFileType = folder.assetcatalog; path = Assets.xcassets; sourceTree = "<group>"; };
		38E1321526FC46090089F6FF /* Preview Assets.xcassets */ = {isa = PBXFileReference; lastKnownFileType = folder.assetcatalog; path = "Preview Assets.xcassets"; sourceTree = "<group>"; };
		38E1321726FC46090089F6FF /* Info.plist */ = {isa = PBXFileReference; lastKnownFileType = text.plist.xml; path = Info.plist; sourceTree = "<group>"; };
		38E1321D26FC5CBD0089F6FF /* TextRecommend.swift */ = {isa = PBXFileReference; lastKnownFileType = sourcecode.swift; path = TextRecommend.swift; sourceTree = "<group>"; };
		38E1321F26FC60BF0089F6FF /* FeelingView.swift */ = {isa = PBXFileReference; lastKnownFileType = sourcecode.swift; path = FeelingView.swift; sourceTree = "<group>"; };
		38E1322126FC60EC0089F6FF /* FeelingRecommend.swift */ = {isa = PBXFileReference; lastKnownFileType = sourcecode.swift; path = FeelingRecommend.swift; sourceTree = "<group>"; };
		38E1322326FC61200089F6FF /* FlowerCalendar.swift */ = {isa = PBXFileReference; lastKnownFileType = sourcecode.swift; path = FlowerCalendar.swift; sourceTree = "<group>"; };
		38E1322526FC659C0089F6FF /* StoryTextView.swift */ = {isa = PBXFileReference; fileEncoding = 4; lastKnownFileType = sourcecode.swift; path = StoryTextView.swift; sourceTree = "<group>"; };
/* End PBXFileReference section */

/* Begin PBXFrameworksBuildPhase section */
		38E1320826FC46060089F6FF /* Frameworks */ = {
			isa = PBXFrameworksBuildPhase;
			buildActionMask = 2147483647;
			files = (
			);
			runOnlyForDeploymentPostprocessing = 0;
		};
/* End PBXFrameworksBuildPhase section */

/* Begin PBXGroup section */
		38E1320226FC46060089F6FF = {
			isa = PBXGroup;
			children = (
				38E1320D26FC46060089F6FF /* DamHwa_Ios */,
				38E1320C26FC46060089F6FF /* Products */,
			);
			sourceTree = "<group>";
		};
		38E1320C26FC46060089F6FF /* Products */ = {
			isa = PBXGroup;
			children = (
				38E1320B26FC46060089F6FF /* DamHwa_Ios.app */,
			);
			name = Products;
			sourceTree = "<group>";
		};
		38E1320D26FC46060089F6FF /* DamHwa_Ios */ = {
			isa = PBXGroup;
			children = (
				38E1320E26FC46060089F6FF /* DamHwa_IosApp.swift */,
				38E1321F26FC60BF0089F6FF /* FeelingView.swift */,
				38E1321026FC46060089F6FF /* ContentView.swift */,
				38E1322526FC659C0089F6FF /* StoryTextView.swift */,
				38E1322126FC60EC0089F6FF /* FeelingRecommend.swift */,
				38E1322326FC61200089F6FF /* FlowerCalendar.swift */,
				38E1321D26FC5CBD0089F6FF /* TextRecommend.swift */,
				38E1321226FC46090089F6FF /* Assets.xcassets */,
				38E1321726FC46090089F6FF /* Info.plist */,
				38E1321426FC46090089F6FF /* Preview Content */,
			);
			path = DamHwa_Ios;
			sourceTree = "<group>";
		};
		38E1321426FC46090089F6FF /* Preview Content */ = {
			isa = PBXGroup;
			children = (
				38E1321526FC46090089F6FF /* Preview Assets.xcassets */,
			);
			path = "Preview Content";
			sourceTree = "<group>";
		};
/* End PBXGroup section */

/* Begin PBXNativeTarget section */
		38E1320A26FC46060089F6FF /* DamHwa_Ios */ = {
			isa = PBXNativeTarget;
			buildConfigurationList = 38E1321A26FC46090089F6FF /* Build configuration list for PBXNativeTarget "DamHwa_Ios" */;
			buildPhases = (
				38E1320726FC46060089F6FF /* Sources */,
				38E1320826FC46060089F6FF /* Frameworks */,
				38E1320926FC46060089F6FF /* Resources */,
			);
			buildRules = (
			);
			dependencies = (
			);
			name = DamHwa_Ios;
			productName = DamHwa_Ios;
			productReference = 38E1320B26FC46060089F6FF /* DamHwa_Ios.app */;
			productType = "com.apple.product-type.application";
		};
/* End PBXNativeTarget section */

/* Begin PBXProject section */
		38E1320326FC46060089F6FF /* Project object */ = {
			isa = PBXProject;
			attributes = {
				LastSwiftUpdateCheck = 1250;
				LastUpgradeCheck = 1250;
				TargetAttributes = {
					38E1320A26FC46060089F6FF = {
						CreatedOnToolsVersion = 12.5.1;
					};
				};
			};
			buildConfigurationList = 38E1320626FC46060089F6FF /* Build configuration list for PBXProject "DamHwa_Ios" */;
			compatibilityVersion = "Xcode 9.3";
			developmentRegion = en;
			hasScannedForEncodings = 0;
			knownRegions = (
				en,
				Base,
			);
			mainGroup = 38E1320226FC46060089F6FF;
			productRefGroup = 38E1320C26FC46060089F6FF /* Products */;
			projectDirPath = "";
			projectRoot = "";
			targets = (
				38E1320A26FC46060089F6FF /* DamHwa_Ios */,
			);
		};
/* End PBXProject section */

/* Begin PBXResourcesBuildPhase section */
		38E1320926FC46060089F6FF /* Resources */ = {
			isa = PBXResourcesBuildPhase;
			buildActionMask = 2147483647;
			files = (
				38E1321626FC46090089F6FF /* Preview Assets.xcassets in Resources */,
				38E1321326FC46090089F6FF /* Assets.xcassets in Resources */,
			);
			runOnlyForDeploymentPostprocessing = 0;
		};
/* End PBXResourcesBuildPhase section */

/* Begin PBXSourcesBuildPhase section */
		38E1320726FC46060089F6FF /* Sources */ = {
			isa = PBXSourcesBuildPhase;
			buildActionMask = 2147483647;
			files = (
				38E1322426FC61200089F6FF /* FlowerCalendar.swift in Sources */,
				38E1321126FC46060089F6FF /* ContentView.swift in Sources */,
				38E1322026FC60BF0089F6FF /* FeelingView.swift in Sources */,
				38E1320F26FC46060089F6FF /* DamHwa_IosApp.swift in Sources */,
				38E1322626FC659C0089F6FF /* StoryTextView.swift in Sources */,
				38E1322226FC60EC0089F6FF /* FeelingRecommend.swift in Sources */,
				38E1321E26FC5CBD0089F6FF /* TextRecommend.swift in Sources */,
			);
			runOnlyForDeploymentPostprocessing = 0;
		};
/* End PBXSourcesBuildPhase section */

/* Begin XCBuildConfiguration section */
		38E1321826FC46090089F6FF /* Debug */ = {
			isa = XCBuildConfiguration;
			buildSettings = {
				ALWAYS_SEARCH_USER_PATHS = NO;
				CLANG_ANALYZER_NONNULL = YES;
				CLANG_ANALYZER_NUMBER_OBJECT_CONVERSION = YES_AGGRESSIVE;
				CLANG_CXX_LANGUAGE_STANDARD = "gnu++14";
				CLANG_CXX_LIBRARY = "libc++";
				CLANG_ENABLE_MODULES = YES;
				CLANG_ENABLE_OBJC_ARC = YES;
				CLANG_ENABLE_OBJC_WEAK = YES;
				CLANG_WARN_BLOCK_CAPTURE_AUTORELEASING = YES;
				CLANG_WARN_BOOL_CONVERSION = YES;
				CLANG_WARN_COMMA = YES;
				CLANG_WARN_CONSTANT_CONVERSION = YES;
				CLANG_WARN_DEPRECATED_OBJC_IMPLEMENTATIONS = YES;
				CLANG_WARN_DIRECT_OBJC_ISA_USAGE = YES_ERROR;
				CLANG_WARN_DOCUMENTATION_COMMENTS = YES;
				CLANG_WARN_EMPTY_BODY = YES;
				CLANG_WARN_ENUM_CONVERSION = YES;
				CLANG_WARN_INFINITE_RECURSION = YES;
				CLANG_WARN_INT_CONVERSION = YES;
				CLANG_WARN_NON_LITERAL_NULL_CONVERSION = YES;
				CLANG_WARN_OBJC_IMPLICIT_RETAIN_SELF = YES;
				CLANG_WARN_OBJC_LITERAL_CONVERSION = YES;
				CLANG_WARN_OBJC_ROOT_CLASS = YES_ERROR;
				CLANG_WARN_QUOTED_INCLUDE_IN_FRAMEWORK_HEADER = YES;
				CLANG_WARN_RANGE_LOOP_ANALYSIS = YES;
				CLANG_WARN_STRICT_PROTOTYPES = YES;
				CLANG_WARN_SUSPICIOUS_MOVE = YES;
				CLANG_WARN_UNGUARDED_AVAILABILITY = YES_AGGRESSIVE;
				CLANG_WARN_UNREACHABLE_CODE = YES;
				CLANG_WARN__DUPLICATE_METHOD_MATCH = YES;
				COPY_PHASE_STRIP = NO;
				DEBUG_INFORMATION_FORMAT = dwarf;
				ENABLE_STRICT_OBJC_MSGSEND = YES;
				ENABLE_TESTABILITY = YES;
				GCC_C_LANGUAGE_STANDARD = gnu11;
				GCC_DYNAMIC_NO_PIC = NO;
				GCC_NO_COMMON_BLOCKS = YES;
				GCC_OPTIMIZATION_LEVEL = 0;
				GCC_PREPROCESSOR_DEFINITIONS = (
					"DEBUG=1",
					"$(inherited)",
				);
				GCC_WARN_64_TO_32_BIT_CONVERSION = YES;
				GCC_WARN_ABOUT_RETURN_TYPE = YES_ERROR;
				GCC_WARN_UNDECLARED_SELECTOR = YES;
				GCC_WARN_UNINITIALIZED_AUTOS = YES_AGGRESSIVE;
				GCC_WARN_UNUSED_FUNCTION = YES;
				GCC_WARN_UNUSED_VARIABLE = YES;
				IPHONEOS_DEPLOYMENT_TARGET = 14.5;
				MTL_ENABLE_DEBUG_INFO = INCLUDE_SOURCE;
				MTL_FAST_MATH = YES;
				ONLY_ACTIVE_ARCH = YES;
				SDKROOT = iphoneos;
				SWIFT_ACTIVE_COMPILATION_CONDITIONS = DEBUG;
				SWIFT_OPTIMIZATION_LEVEL = "-Onone";
			};
			name = Debug;
		};
		38E1321926FC46090089F6FF /* Release */ = {
			isa = XCBuildConfiguration;
			buildSettings = {
				ALWAYS_SEARCH_USER_PATHS = NO;
				CLANG_ANALYZER_NONNULL = YES;
				CLANG_ANALYZER_NUMBER_OBJECT_CONVERSION = YES_AGGRESSIVE;
				CLANG_CXX_LANGUAGE_STANDARD = "gnu++14";
				CLANG_CXX_LIBRARY = "libc++";
				CLANG_ENABLE_MODULES = YES;
				CLANG_ENABLE_OBJC_ARC = YES;
				CLANG_ENABLE_OBJC_WEAK = YES;
				CLANG_WARN_BLOCK_CAPTURE_AUTORELEASING = YES;
				CLANG_WARN_BOOL_CONVERSION = YES;
				CLANG_WARN_COMMA = YES;
				CLANG_WARN_CONSTANT_CONVERSION = YES;
				CLANG_WARN_DEPRECATED_OBJC_IMPLEMENTATIONS = YES;
				CLANG_WARN_DIRECT_OBJC_ISA_USAGE = YES_ERROR;
				CLANG_WARN_DOCUMENTATION_COMMENTS = YES;
				CLANG_WARN_EMPTY_BODY = YES;
				CLANG_WARN_ENUM_CONVERSION = YES;
				CLANG_WARN_INFINITE_RECURSION = YES;
				CLANG_WARN_INT_CONVERSION = YES;
				CLANG_WARN_NON_LITERAL_NULL_CONVERSION = YES;
				CLANG_WARN_OBJC_IMPLICIT_RETAIN_SELF = YES;
				CLANG_WARN_OBJC_LITERAL_CONVERSION = YES;
				CLANG_WARN_OBJC_ROOT_CLASS = YES_ERROR;
				CLANG_WARN_QUOTED_INCLUDE_IN_FRAMEWORK_HEADER = YES;
				CLANG_WARN_RANGE_LOOP_ANALYSIS = YES;
				CLANG_WARN_STRICT_PROTOTYPES = YES;
				CLANG_WARN_SUSPICIOUS_MOVE = YES;
				CLANG_WARN_UNGUARDED_AVAILABILITY = YES_AGGRESSIVE;
				CLANG_WARN_UNREACHABLE_CODE = YES;
				CLANG_WARN__DUPLICATE_METHOD_MATCH = YES;
				COPY_PHASE_STRIP = NO;
				DEBUG_INFORMATION_FORMAT = "dwarf-with-dsym";
				ENABLE_NS_ASSERTIONS = NO;
				ENABLE_STRICT_OBJC_MSGSEND = YES;
				GCC_C_LANGUAGE_STANDARD = gnu11;
				GCC_NO_COMMON_BLOCKS = YES;
				GCC_WARN_64_TO_32_BIT_CONVERSION = YES;
				GCC_WARN_ABOUT_RETURN_TYPE = YES_ERROR;
				GCC_WARN_UNDECLARED_SELECTOR = YES;
				GCC_WARN_UNINITIALIZED_AUTOS = YES_AGGRESSIVE;
				GCC_WARN_UNUSED_FUNCTION = YES;
				GCC_WARN_UNUSED_VARIABLE = YES;
				IPHONEOS_DEPLOYMENT_TARGET = 14.5;
				MTL_ENABLE_DEBUG_INFO = NO;
				MTL_FAST_MATH = YES;
				SDKROOT = iphoneos;
				SWIFT_COMPILATION_MODE = wholemodule;
				SWIFT_OPTIMIZATION_LEVEL = "-O";
				VALIDATE_PRODUCT = YES;
			};
			name = Release;
		};
		38E1321B26FC46090089F6FF /* Debug */ = {
			isa = XCBuildConfiguration;
			buildSettings = {
				ASSETCATALOG_COMPILER_APPICON_NAME = AppIcon;
				ASSETCATALOG_COMPILER_GLOBAL_ACCENT_COLOR_NAME = AccentColor;
				CODE_SIGN_STYLE = Automatic;
				DEVELOPMENT_ASSET_PATHS = "\"DamHwa_Ios/Preview Content\"";
				ENABLE_PREVIEWS = YES;
				INFOPLIST_FILE = DamHwa_Ios/Info.plist;
				IPHONEOS_DEPLOYMENT_TARGET = 14.0;
				LD_RUNPATH_SEARCH_PATHS = (
					"$(inherited)",
					"@executable_path/Frameworks",
				);
				PRODUCT_BUNDLE_IDENTIFIER = "com.f5.DamHwa-Ios";
				PRODUCT_NAME = "$(TARGET_NAME)";
				SWIFT_VERSION = 5.0;
				TARGETED_DEVICE_FAMILY = "1,2";
			};
			name = Debug;
		};
		38E1321C26FC46090089F6FF /* Release */ = {
			isa = XCBuildConfiguration;
			buildSettings = {
				ASSETCATALOG_COMPILER_APPICON_NAME = AppIcon;
				ASSETCATALOG_COMPILER_GLOBAL_ACCENT_COLOR_NAME = AccentColor;
				CODE_SIGN_STYLE = Automatic;
				DEVELOPMENT_ASSET_PATHS = "\"DamHwa_Ios/Preview Content\"";
				ENABLE_PREVIEWS = YES;
				INFOPLIST_FILE = DamHwa_Ios/Info.plist;
				IPHONEOS_DEPLOYMENT_TARGET = 14.0;
				LD_RUNPATH_SEARCH_PATHS = (
					"$(inherited)",
					"@executable_path/Frameworks",
				);
				PRODUCT_BUNDLE_IDENTIFIER = "com.f5.DamHwa-Ios";
				PRODUCT_NAME = "$(TARGET_NAME)";
				SWIFT_VERSION = 5.0;
				TARGETED_DEVICE_FAMILY = "1,2";
			};
			name = Release;
		};
/* End XCBuildConfiguration section */

/* Begin XCConfigurationList section */
		38E1320626FC46060089F6FF /* Build configuration list for PBXProject "DamHwa_Ios" */ = {
			isa = XCConfigurationList;
			buildConfigurations = (
				38E1321826FC46090089F6FF /* Debug */,
				38E1321926FC46090089F6FF /* Release */,
			);
			defaultConfigurationIsVisible = 0;
			defaultConfigurationName = Release;
		};
		38E1321A26FC46090089F6FF /* Build configuration list for PBXNativeTarget "DamHwa_Ios" */ = {
			isa = XCConfigurationList;
			buildConfigurations = (
				38E1321B26FC46090089F6FF /* Debug */,
				38E1321C26FC46090089F6FF /* Release */,
			);
			defaultConfigurationIsVisible = 0;
			defaultConfigurationName = Release;
		};
/* End XCConfigurationList section */
	};
	rootObject = 38E1320326FC46060089F6FF /* Project object */;
}
